{
  "name": "js-bson-objectid-memory",
  "version": "1.0.0",
  "lockfileVersion": 3,
  "requires": true,
  "packages": {
    "": {
      "name": "js-bson-objectid-memory",
      "version": "1.0.0",
      "license": "MIT",
      "dependencies": {
        "bson-after": "npm:bson@7.3.2",
        "bson-before": "npm:bson@7.3.1"
      },
      "engines": {
        "node": ">=22"
      }
    },
    "node_modules/bson-after": {
      "name": "bson",
      "version": "7.3.2",
      "resolved": "https://registry.npmjs.org/bson/-/bson-7.3.2.tgz",
      "integrity": "sha512-1w0ra+ho1cuE+w8jzwgzTFIimFtCfZeCoOsvIPQg6uyFCsp8M29U7bNNf5GrFh88TXbYg1g3TyKUGpd6O7q6zA==",
      "license": "Apache-2.0",
      "engines": {
        "node": ">=20.19.0"
      }
    },
    "node_modules/bson-before": {
      "name": "bson",
      "version": "7.3.1",
      "resolved": "https://registry.npmjs.org/bson/-/bson-7.3.1.tgz",
      "integrity": "sha512-h/C0qe6857pQhcSJHLfsR1uYGj98Ge3wKAD3Ed9KqH3wcVh+BM4Jq4xISD7vs9OPuT07n+q3QQVjslJ286j6ag==",
      "license": "Apache-2.0",
      "engines": {
        "node": ">=20.19.0"
      }
    }
  }
}
